[[package]]
name = 'bond_registry_abi'
source = 'path+from-root-8D2BF65ED81619DA'
dependencies = ['std']

[[package]]
name = 'bond_teller'
source = 'member'
dependencies = [
    'bond_registry_abi',
    'std',
]

[[package]]
name = 'bonds-registry'
source = 'member'
dependencies = [
    'bond_registry_abi',
    'std',
    'token_abi',
]

[[package]]
name = 'core'
source = 'path+from-root-67732E1923984E25'

[[package]]
name = 'pida'
source = 'member'
dependencies = [
    'std',
    'token_abi',
]

[[package]]
name = 'std'
source = 'git+https://github.com/fuellabs/sway?tag=v0.37.3#d09ef912828f5fc7193501ccf8a0d0fb0f36a821'
dependencies = ['core']

[[package]]
name = 'token_abi'
source = 'path+from-root-C073BF76170FB9E9'
dependencies = ['std']

[[package]]
name = 'xp_locker'
source = 'member'
dependencies = ['std']
