[[package]]
name = 'bond_registry_abi'
source = 'path+from-root-8D2BF65ED81619DA'
dependencies = ['std']

[[package]]
name = 'bond_teller'
source = 'member'
dependencies = [
    'bond_registry_abi',
    'libraries',
    'locker_abi',
    'nft',
    'reentrancy',
    'std',
]

[[package]]
name = 'bonds_registry'
source = 'member'
dependencies = [
    'bond_registry_abi',
    'std',
    'token_abi',
]

[[package]]
name = 'core'
source = 'path+from-root-67732E1923984E25'

[[package]]
name = 'libraries'
source = 'path+from-root-8D2BF65ED81619DA'
dependencies = ['std']

[[package]]
name = 'locker_abi'
source = 'path+from-root-8D2BF65ED81619DA'
dependencies = ['std']

[[package]]
name = 'nft'
source = 'git+https://github.com/FuelLabs/sway-libs?tag=v0.8.0#f6bb5c234e020d556e1bc688e0f1f368dc9b0f9a'
dependencies = ['std']

[[package]]
name = 'pida'
source = 'member'
dependencies = [
    'std',
    'token_abi',
]

[[package]]
name = 'reentrancy'
source = 'git+https://github.com/FuelLabs/sway-libs?tag=v0.8.0#f6bb5c234e020d556e1bc688e0f1f368dc9b0f9a'
dependencies = ['std']

[[package]]
name = 'registry'
source = 'member'
dependencies = ['std']

[[package]]
name = 'staking'
source = 'member'
dependencies = ['std']

[[package]]
name = 'std'
source = 'git+https://github.com/fuellabs/sway?tag=v0.37.3#d09ef912828f5fc7193501ccf8a0d0fb0f36a821'
dependencies = ['core']

[[package]]
name = 'token_abi'
source = 'path+from-root-4154CF0C5574A2C3'
dependencies = ['std']

[[package]]
name = 'xp_locker'
source = 'member'
dependencies = [
    'libraries',
    'locker_abi',
    'nft',
    'reentrancy',
    'std',
    'token_abi',
]
